
Microsoft Visual Studio Solution File, Format Version 12.00
# Visual Studio for Mac
Project("{FAE04EC0-301F-11D3-BF4B-00C04F79EFBC}") = "Assembly-CSharp", "Assembly-CSharp.csproj", "{A1C297CF-A95C-90E1-9CF7-6048C291391E}"
EndProject
Global
	GlobalSection(SolutionConfigurationPlatforms) = preSolution
		Debug|Any CPU = Debug|Any CPU
		Release|Any CPU = Release|Any CPU
	EndGlobalSection
	GlobalSection(ProjectConfigurationPlatforms) = postSolution
		{A1C297CF-A95C-90E1-9CF7-6048C291391E}.Debug|Any CPU.ActiveCfg = Debug|Any CPU
		{A1C297CF-A95C-90E1-9CF7-6048C291391E}.Debug|Any CPU.Build.0 = Debug|Any CPU
		{A1C297CF-A95C-90E1-9CF7-6048C291391E}.Release|Any CPU.ActiveCfg = Release|Any CPU
		{A1C297CF-A95C-90E1-9CF7-6048C291391E}.Release|Any CPU.Build.0 = Release|Any CPU
	EndGlobalSection
	GlobalSection(SolutionProperties) = preSolution
		HideSolutionNode = FALSE
	EndGlobalSection
EndGlobal
